
Microsoft Visual Studio Solution File, Format Version 12.00
# Visual Studio Version 17
VisualStudioVersion = 17.8.34330.188
MinimumVisualStudioVersion = 10.0.40219.1
Project("{FAE04EC0-301F-11D3-BF4B-00C04F79EFBC}") = "ExternalAssemblyReflector", "ExternalAssemblyReflector\ExternalAssemblyReflector.csproj", "{74E1672B-33BF-44D7-B46F-D1D80B9947FE}"
EndProject
Global
	GlobalSection(SolutionConfigurationPlatforms) = preSolution
		Debug|Any CPU = Debug|Any CPU
		Release|Any CPU = Release|Any CPU
	EndGlobalSection
	GlobalSection(ProjectConfigurationPlatforms) = postSolution
		{74E1672B-33BF-44D7-B46F-D1D80B9947FE}.Debug|Any CPU.ActiveCfg = Debug|Any CPU
		{74E1672B-33BF-44D7-B46F-D1D80B9947FE}.Debug|Any CPU.Build.0 = Debug|Any CPU
		{74E1672B-33BF-44D7-B46F-D1D80B9947FE}.Release|Any CPU.ActiveCfg = Release|Any CPU
		{74E1672B-33BF-44D7-B46F-D1D80B9947FE}.Release|Any CPU.Build.0 = Release|Any CPU
	EndGlobalSection
	GlobalSection(SolutionProperties) = preSolution
		HideSolutionNode = FALSE
	EndGlobalSection
	GlobalSection(ExtensibilityGlobals) = postSolution
		SolutionGuid = {167B994F-2E76-4DFB-A468-E60D35349675}
	EndGlobalSection
EndGlobal
