
Microsoft Visual Studio Solution File, Format Version 12.00
# Visual Studio Version 17
VisualStudioVersion = 17.8.34330.188
MinimumVisualStudioVersion = 10.0.40219.1
Project("{FAE04EC0-301F-11D3-BF4B-00C04F79EFBC}") = "Qu_1", "Qu_1\Qu_1.csproj", "{B0267598-1606-42B0-9CF5-3DEB8A1AC83F}"
EndProject
Global
	GlobalSection(SolutionConfigurationPlatforms) = preSolution
		Debug|Any CPU = Debug|Any CPU
		Release|Any CPU = Release|Any CPU
	EndGlobalSection
	GlobalSection(ProjectConfigurationPlatforms) = postSolution
		{B0267598-1606-42B0-9CF5-3DEB8A1AC83F}.Debug|Any CPU.ActiveCfg = Debug|Any CPU
		{B0267598-1606-42B0-9CF5-3DEB8A1AC83F}.Debug|Any CPU.Build.0 = Debug|Any CPU
		{B0267598-1606-42B0-9CF5-3DEB8A1AC83F}.Release|Any CPU.ActiveCfg = Release|Any CPU
		{B0267598-1606-42B0-9CF5-3DEB8A1AC83F}.Release|Any CPU.Build.0 = Release|Any CPU
	EndGlobalSection
	GlobalSection(SolutionProperties) = preSolution
		HideSolutionNode = FALSE
	EndGlobalSection
	GlobalSection(ExtensibilityGlobals) = postSolution
		SolutionGuid = {862FD813-2B9B-4DFA-880D-9204594AA3CE}
	EndGlobalSection
EndGlobal
