
Microsoft Visual Studio Solution File, Format Version 12.00
# Visual Studio Version 17
VisualStudioVersion = 17.8.34330.188
MinimumVisualStudioVersion = 10.0.40219.1
Project("{FAE04EC0-301F-11D3-BF4B-00C04F79EFBC}") = "Qu_2", "Qu_2\Qu_2.csproj", "{BADF8CBE-B01E-429F-AECD-F5C2A1B35BE6}"
EndProject
Global
	GlobalSection(SolutionConfigurationPlatforms) = preSolution
		Debug|Any CPU = Debug|Any CPU
		Release|Any CPU = Release|Any CPU
	EndGlobalSection
	GlobalSection(ProjectConfigurationPlatforms) = postSolution
		{BADF8CBE-B01E-429F-AECD-F5C2A1B35BE6}.Debug|Any CPU.ActiveCfg = Debug|Any CPU
		{BADF8CBE-B01E-429F-AECD-F5C2A1B35BE6}.Debug|Any CPU.Build.0 = Debug|Any CPU
		{BADF8CBE-B01E-429F-AECD-F5C2A1B35BE6}.Release|Any CPU.ActiveCfg = Release|Any CPU
		{BADF8CBE-B01E-429F-AECD-F5C2A1B35BE6}.Release|Any CPU.Build.0 = Release|Any CPU
	EndGlobalSection
	GlobalSection(SolutionProperties) = preSolution
		HideSolutionNode = FALSE
	EndGlobalSection
	GlobalSection(ExtensibilityGlobals) = postSolution
		SolutionGuid = {B842F3FA-A3B5-4406-9739-07759A44ED2B}
	EndGlobalSection
EndGlobal
